lockfileVersion: '9.0'

settings:
  autoInstallPeers: true
  excludeLinksFromLockfile: false

importers:

  .:
    dependencies:
      rollup:
        specifier: 4.51.0
        version: 4.51.0

packages:

  '@rollup/rollup-android-arm-eabi@4.51.0':
    resolution: {integrity: sha512-VyfldO8T/C5vAXBGIobrAnUE+VJNVLw5z9h4NgSDq/AJZWt/fXqdW+0PJbk+M74xz7yMDRiHtlsuDV7ew6K20w==}
    cpu: [arm]
    os: [android]

  '@rollup/rollup-android-arm64@4.51.0':
    resolution: {integrity: sha512-Z3ujzDZgsEVSokgIhmOAReh9SGT2qloJJX2Xo1Q3nPU1EhCXrV0PbpR3r7DWRgozqnjrPZQkLe5cgBPIYp70Vg==}
    cpu: [arm64]
    os: [android]

  '@rollup/rollup-darwin-arm64@4.51.0':
    resolution: {integrity: sha512-T3gskHgArUdR6TCN69li5VELVAZK+iQ4iwMoSMNYixoj+56EC9lTj35rcxhXzIJt40YfBkvDy3GS+t5zh7zM6g==}
    cpu: [arm64]
    os: [darwin]

  '@rollup/rollup-darwin-x64@4.51.0':
    resolution: {integrity: sha512-Hh7n/fh0g5UjH6ATDF56Qdf5bzdLZKIbhp5KftjMYG546Ocjeyg15dxphCpH1FFY2PJ2G6MiOVL4jMq5VLTyrQ==}
    cpu: [x64]
    os: [darwin]

  '@rollup/rollup-freebsd-arm64@4.51.0':
    resolution: {integrity: sha512-0EddADb6FBvfqYoxwVom3hAbAvpSVUbZqmR1wmjk0MSZ06hn/UxxGHKRqEQDMkts7XiZjejVB+TLF28cDTU+gA==}
    cpu: [arm64]
    os: [freebsd]

  '@rollup/rollup-freebsd-x64@4.51.0':
    resolution: {integrity: sha512-MpqaEDLo3JuVPF+wWV4mK7V8akL76WCz8ndfz1aVB7RhvXFO3k7yT7eu8OEuog4VTSyNu5ibvN9n6lgjq/qLEQ==}
    cpu: [x64]
    os: [freebsd]

  '@rollup/rollup-linux-arm-gnueabihf@4.51.0':
    resolution: {integrity: sha512-WEWAGFNFFpvSWAIT3MYvxTkYHv/cJl9yWKpjhheg7ONfB0hetZt/uwBnM3GZqSHrk5bXCDYTFXg3jQyk/j7eXQ==}
    cpu: [arm]
    os: [linux]

  '@rollup/rollup-linux-arm-musleabihf@4.51.0':
    resolution: {integrity: sha512-9bxtxj8QoAp++LOq5PGDGkEEOpCDk9rOEHUcXadnijedDH8IXrBt6PnBa4Y6NblvGWdoxvXZYghZLaliTCmAng==}
    cpu: [arm]
    os: [linux]

  '@rollup/rollup-linux-arm64-gnu@4.51.0':
    resolution: {integrity: sha512-DdqA+fARqIsfqDYkKo2nrWMp0kvu/wPJ2G8lZ4DjYhn+8QhrjVuzmsh7tTkhULwjvHTN59nWVzAixmOi6rqjNA==}
    cpu: [arm64]
    os: [linux]

  '@rollup/rollup-linux-arm64-musl@4.51.0':
    resolution: {integrity: sha512-2XVRNzcUJE1UJua8P4a1GXS5jafFWE+pQ6zhUbZzptOu/70p1F6+0FTi6aGPd6jNtnJqGMjtBCXancC2dhYlWw==}
    cpu: [arm64]
    os: [linux]

  '@rollup/rollup-linux-loong64-gnu@4.51.0':
    resolution: {integrity: sha512-R8QhY0kLIPCAVXWi2yftDSpn7Jtejey/WhMoBESSfwGec5SKdFVupjxFlKoQ7clVRuaDpiQf7wNx3EBZf4Ey6g==}
    cpu: [loong64]
    os: [linux]

  '@rollup/rollup-linux-ppc64-gnu@4.51.0':
    resolution: {integrity: sha512-I498RPfxx9cMv1KTHQ9tg2Ku1utuQm+T5B+Xro+WNu3FzAFSKp4awKfgMoZwjoPgNbaFGINaOM25cQW6WuBhiQ==}
    cpu: [ppc64]
    os: [linux]

  '@rollup/rollup-linux-riscv64-gnu@4.51.0':
    resolution: {integrity: sha512-o8COudsb8lvtdm9ixg9aKjfX5aeoc2x9KGE7WjtrmQFquoCRZ9jtzGlonujE4WhvXFepTraWzT4RcwyDDeHXjA==}
    cpu: [riscv64]
    os: [linux]

  '@rollup/rollup-linux-riscv64-musl@4.51.0':
    resolution: {integrity: sha512-0shJPgSXMdYzOQzpM5BJN2euXY1f8uV8mS6AnrbMcH2KrkNsbpMxWB1wp8UEdiJ1NtyBkCk3U/HfX5mEONBq6w==}
    cpu: [riscv64]
    os: [linux]

  '@rollup/rollup-linux-s390x-gnu@4.51.0':
    resolution: {integrity: sha512-L7pV+ny7865jamSCQwyozBYjFRUKaTsPqDz7ClOtJCDu4paf2uAa0mrcHwSt4XxZP2ogFZS9uuitH3NXdeBEJA==}
    cpu: [s390x]
    os: [linux]

  '@rollup/rollup-linux-x64-gnu@4.51.0':
    resolution: {integrity: sha512-4YHhP+Rv3T3+H3TPbUvWOw5tuSwhrVhkHHZhk4hC9VXeAOKR26/IsUAT4FsB4mT+kfIdxxb1BezQDEg/voPO8A==}
    cpu: [x64]
    os: [linux]

  '@rollup/rollup-linux-x64-musl@4.51.0':
    resolution: {integrity: sha512-P7U7U03+E5w7WgJtvSseNLOX1UhknVPmEaqgUENFWfNxNBa1OhExT6qYGmyF8gepcxWSaSfJsAV5UwhWrYefdQ==}
    cpu: [x64]
    os: [linux]

  '@rollup/rollup-openharmony-arm64@4.51.0':
    resolution: {integrity: sha512-FuD8g3u9W6RPwdO1R45hZFORwa1g9YXEMesAKP/sOi7mDqxjbni8S3zAXJiDcRfGfGBqpRYVuH54Gu3FTuSoEw==}
    cpu: [arm64]
    os: [openharmony]

  '@rollup/rollup-win32-arm64-msvc@4.51.0':
    resolution: {integrity: sha512-zST+FdMCX3QAYfmZX3dp/Fy8qLUetfE17QN5ZmmFGPrhl86qvRr+E9u2bk7fzkIXsfQR30Z7ZRS7WMryPPn4rQ==}
    cpu: [arm64]
    os: [win32]

  '@rollup/rollup-win32-ia32-msvc@4.51.0':
    resolution: {integrity: sha512-U+qhoCVAZmTHCmUKxdQxw1jwAFNFXmOpMME7Npt5GTb1W/7itfgAgNluVOvyeuSeqW+dEQLFuNZF3YZPO8XkMg==}
    cpu: [ia32]
    os: [win32]

  '@rollup/rollup-win32-x64-msvc@4.51.0':
    resolution: {integrity: sha512-z6UpFzMhXSD8NNUfCi2HO+pbpSzSWIIPgb1TZsEZjmZYtk6RUIC63JYjlFBwbBZS3jt3f1q6IGfkj3g+GnBt2Q==}
    cpu: [x64]
    os: [win32]

  '@types/estree@1.0.8':
    resolution: {integrity: sha512-dWHzHa2WqEXI/O1E9OjrocMTKJl2mSrEolh1Iomrv6U+JuNwaHXsXx9bLu5gG7BUWFIN0skIQJQ/L1rIex4X6w==}

  fsevents@2.3.3:
    resolution: {integrity: sha512-5xoDfX+fL7faATnagmWPpbFtwh/R77WmMMqqHGS65C3vvB0YHrgF+B1YmZ3441tMj5n63k0212XNoJwzlhffQw==}
    engines: {node: ^8.16.0 || ^10.6.0 || >=11.0.0}
    os: [darwin]

  rollup@4.51.0:
    resolution: {integrity: sha512-7cR0XWrdp/UAj2HMY/Y4QQEUjidn3l2AY1wSeZoFjMbD8aOMPoV9wgTFYbrJpPzzvejDEini1h3CiUP8wLzxQA==}
    engines: {node: '>=18.0.0', npm: '>=8.0.0'}
    hasBin: true

snapshots:

  '@rollup/rollup-android-arm-eabi@4.51.0':
    optional: true

  '@rollup/rollup-android-arm64@4.51.0':
    optional: true

  '@rollup/rollup-darwin-arm64@4.51.0':
    optional: true

  '@rollup/rollup-darwin-x64@4.51.0':
    optional: true

  '@rollup/rollup-freebsd-arm64@4.51.0':
    optional: true

  '@rollup/rollup-freebsd-x64@4.51.0':
    optional: true

  '@rollup/rollup-linux-arm-gnueabihf@4.51.0':
    optional: true

  '@rollup/rollup-linux-arm-musleabihf@4.51.0':
    optional: true

  '@rollup/rollup-linux-arm64-gnu@4.51.0':
    optional: true

  '@rollup/rollup-linux-arm64-musl@4.51.0':
    optional: true

  '@rollup/rollup-linux-loong64-gnu@4.51.0':
    optional: true

  '@rollup/rollup-linux-ppc64-gnu@4.51.0':
    optional: true

  '@rollup/rollup-linux-riscv64-gnu@4.51.0':
    optional: true

  '@rollup/rollup-linux-riscv64-musl@4.51.0':
    optional: true

  '@rollup/rollup-linux-s390x-gnu@4.51.0':
    optional: true

  '@rollup/rollup-linux-x64-gnu@4.51.0':
    optional: true

  '@rollup/rollup-linux-x64-musl@4.51.0':
    optional: true

  '@rollup/rollup-openharmony-arm64@4.51.0':
    optional: true

  '@rollup/rollup-win32-arm64-msvc@4.51.0':
    optional: true

  '@rollup/rollup-win32-ia32-msvc@4.51.0':
    optional: true

  '@rollup/rollup-win32-x64-msvc@4.51.0':
    optional: true

  '@types/estree@1.0.8': {}

  fsevents@2.3.3:
    optional: true

  rollup@4.51.0:
    dependencies:
      '@types/estree': 1.0.8
    optionalDependencies:
      '@rollup/rollup-android-arm-eabi': 4.51.0
      '@rollup/rollup-android-arm64': 4.51.0
      '@rollup/rollup-darwin-arm64': 4.51.0
      '@rollup/rollup-darwin-x64': 4.51.0
      '@rollup/rollup-freebsd-arm64': 4.51.0
      '@rollup/rollup-freebsd-x64': 4.51.0
      '@rollup/rollup-linux-arm-gnueabihf': 4.51.0
      '@rollup/rollup-linux-arm-musleabihf': 4.51.0
      '@rollup/rollup-linux-arm64-gnu': 4.51.0
      '@rollup/rollup-linux-arm64-musl': 4.51.0
      '@rollup/rollup-linux-loong64-gnu': 4.51.0
      '@rollup/rollup-linux-ppc64-gnu': 4.51.0
      '@rollup/rollup-linux-riscv64-gnu': 4.51.0
      '@rollup/rollup-linux-riscv64-musl': 4.51.0
      '@rollup/rollup-linux-s390x-gnu': 4.51.0
      '@rollup/rollup-linux-x64-gnu': 4.51.0
      '@rollup/rollup-linux-x64-musl': 4.51.0
      '@rollup/rollup-openharmony-arm64': 4.51.0
      '@rollup/rollup-win32-arm64-msvc': 4.51.0
      '@rollup/rollup-win32-ia32-msvc': 4.51.0
      '@rollup/rollup-win32-x64-msvc': 4.51.0
      fsevents: 2.3.3
